
Microsoft Visual Studio Solution File, Format Version 12.00
# Visual Studio Version 17
VisualStudioVersion = 17.5.33530.505
MinimumVisualStudioVersion = 10.0.40219.1
Project("{FAE04EC0-301F-11D3-BF4B-00C04F79EFBC}") = "Week8EpicGame", "Week8EpicGame\Week8EpicGame.csproj", "{355DA9B5-555A-47B3-8212-F681CD880F46}"
EndProject
Global
	GlobalSection(SolutionConfigurationPlatforms) = preSolution
		Debug|Any CPU = Debug|Any CPU
		Release|Any CPU = Release|Any CPU
	EndGlobalSection
	GlobalSection(ProjectConfigurationPlatforms) = postSolution
		{355DA9B5-555A-47B3-8212-F681CD880F46}.Debug|Any CPU.ActiveCfg = Debug|Any CPU
		{355DA9B5-555A-47B3-8212-F681CD880F46}.Debug|Any CPU.Build.0 = Debug|Any CPU
		{355DA9B5-555A-47B3-8212-F681CD880F46}.Release|Any CPU.ActiveCfg = Release|Any CPU
		{355DA9B5-555A-47B3-8212-F681CD880F46}.Release|Any CPU.Build.0 = Release|Any CPU
	EndGlobalSection
	GlobalSection(SolutionProperties) = preSolution
		HideSolutionNode = FALSE
	EndGlobalSection
	GlobalSection(ExtensibilityGlobals) = postSolution
		SolutionGuid = {819089C0-C002-4D0C-904E-429389238679}
	EndGlobalSection
EndGlobal
